
Microsoft Visual Studio Solution File, Format Version 12.00
# Visual Studio Version 16
VisualStudioVersion = 16.0.30320.27
MinimumVisualStudioVersion = 10.0.40219.1
Project("{FAE04EC0-301F-11D3-BF4B-00C04F79EFBC}") = "RSSWeb", "RSSWeb\RSSWeb.csproj", "{D608E7BE-759A-4CC1-8877-3EB000BB54B8}"
EndProject
Project("{FAE04EC0-301F-11D3-BF4B-00C04F79EFBC}") = "Util", "Util\Util.csproj", "{EBD8C510-CCAD-4442-B861-F0259B074178}"
EndProject
Project("{2150E333-8FDC-42A3-9474-1A3956D46DE8}") = "Solution Items", "Solution Items", "{903DDDCE-5366-4A38-87AC-62A37620D2A8}"
EndProject
Project("{FAE04EC0-301F-11D3-BF4B-00C04F79EFBC}") = "RSSAggregatorSvc", "RSSAggregatorSvc\RSSAggregatorSvc.csproj", "{C250EEE7-D47E-4011-8D4B-509DDF594530}"
EndProject
Project("{FAE04EC0-301F-11D3-BF4B-00C04F79EFBC}") = "RSSTests", "RSSTests\RSSTests.csproj", "{465D6538-E02F-4F25-8536-9B48F4D94C2C}"
EndProject
Project("{FAE04EC0-301F-11D3-BF4B-00C04F79EFBC}") = "UtilTests", "UtilTests\UtilTests.csproj", "{B6FFACCA-A995-43C3-89AD-86C8AE4BE2CB}"
EndProject
Project("{FAE04EC0-301F-11D3-BF4B-00C04F79EFBC}") = "RSSWCFSvc", "RSSWCFSvc\RSSWCFSvc.csproj", "{0F5B3321-9851-46AA-93A5-F5E0CDB56DCE}"
EndProject
Project("{FAE04EC0-301F-11D3-BF4B-00C04F79EFBC}") = "RSS", "RSS\RSS.csproj", "{AF784854-00EF-4468-8619-08742BEE4177}"
EndProject
Project("{FAE04EC0-301F-11D3-BF4B-00C04F79EFBC}") = "ServiceTests", "ServiceTests\ServiceTests.csproj", "{128762BC-8884-412F-902B-3723C693701C}"
EndProject
Project("{FAE04EC0-301F-11D3-BF4B-00C04F79EFBC}") = "RSSWebAPISvc", "RSSWebAPISvc\RSSWebAPISvc.csproj", "{35FEA84A-8F6D-4C5E-A87A-D13E8421434D}"
EndProject
Project("{FAE04EC0-301F-11D3-BF4B-00C04F79EFBC}") = "UnitTestCoverage", "UnitTestCoverage\UnitTestCoverage.csproj", "{71903D5D-18E1-4D24-8AB7-1286277CFD0E}"
EndProject
Global
	GlobalSection(SolutionConfigurationPlatforms) = preSolution
		Debug|Any CPU = Debug|Any CPU
		Release|Any CPU = Release|Any CPU
	EndGlobalSection
	GlobalSection(ProjectConfigurationPlatforms) = postSolution
		{D608E7BE-759A-4CC1-8877-3EB000BB54B8}.Debug|Any CPU.ActiveCfg = Debug|Any CPU
		{D608E7BE-759A-4CC1-8877-3EB000BB54B8}.Debug|Any CPU.Build.0 = Debug|Any CPU
		{D608E7BE-759A-4CC1-8877-3EB000BB54B8}.Release|Any CPU.ActiveCfg = Release|Any CPU
		{D608E7BE-759A-4CC1-8877-3EB000BB54B8}.Release|Any CPU.Build.0 = Release|Any CPU
		{EBD8C510-CCAD-4442-B861-F0259B074178}.Debug|Any CPU.ActiveCfg = Debug|Any CPU
		{EBD8C510-CCAD-4442-B861-F0259B074178}.Debug|Any CPU.Build.0 = Debug|Any CPU
		{EBD8C510-CCAD-4442-B861-F0259B074178}.Release|Any CPU.ActiveCfg = Release|Any CPU
		{EBD8C510-CCAD-4442-B861-F0259B074178}.Release|Any CPU.Build.0 = Release|Any CPU
		{C250EEE7-D47E-4011-8D4B-509DDF594530}.Debug|Any CPU.ActiveCfg = Debug|Any CPU
		{C250EEE7-D47E-4011-8D4B-509DDF594530}.Debug|Any CPU.Build.0 = Debug|Any CPU
		{C250EEE7-D47E-4011-8D4B-509DDF594530}.Release|Any CPU.ActiveCfg = Release|Any CPU
		{C250EEE7-D47E-4011-8D4B-509DDF594530}.Release|Any CPU.Build.0 = Release|Any CPU
		{465D6538-E02F-4F25-8536-9B48F4D94C2C}.Debug|Any CPU.ActiveCfg = Debug|Any CPU
		{465D6538-E02F-4F25-8536-9B48F4D94C2C}.Debug|Any CPU.Build.0 = Debug|Any CPU
		{465D6538-E02F-4F25-8536-9B48F4D94C2C}.Release|Any CPU.ActiveCfg = Release|Any CPU
		{465D6538-E02F-4F25-8536-9B48F4D94C2C}.Release|Any CPU.Build.0 = Release|Any CPU
		{B6FFACCA-A995-43C3-89AD-86C8AE4BE2CB}.Debug|Any CPU.ActiveCfg = Debug|Any CPU
		{B6FFACCA-A995-43C3-89AD-86C8AE4BE2CB}.Debug|Any CPU.Build.0 = Debug|Any CPU
		{B6FFACCA-A995-43C3-89AD-86C8AE4BE2CB}.Release|Any CPU.ActiveCfg = Release|Any CPU
		{B6FFACCA-A995-43C3-89AD-86C8AE4BE2CB}.Release|Any CPU.Build.0 = Release|Any CPU
		{0F5B3321-9851-46AA-93A5-F5E0CDB56DCE}.Debug|Any CPU.ActiveCfg = Debug|Any CPU
		{0F5B3321-9851-46AA-93A5-F5E0CDB56DCE}.Debug|Any CPU.Build.0 = Debug|Any CPU
		{0F5B3321-9851-46AA-93A5-F5E0CDB56DCE}.Release|Any CPU.ActiveCfg = Release|Any CPU
		{0F5B3321-9851-46AA-93A5-F5E0CDB56DCE}.Release|Any CPU.Build.0 = Release|Any CPU
		{AF784854-00EF-4468-8619-08742BEE4177}.Debug|Any CPU.ActiveCfg = Debug|Any CPU
		{AF784854-00EF-4468-8619-08742BEE4177}.Debug|Any CPU.Build.0 = Debug|Any CPU
		{AF784854-00EF-4468-8619-08742BEE4177}.Release|Any CPU.ActiveCfg = Release|Any CPU
		{AF784854-00EF-4468-8619-08742BEE4177}.Release|Any CPU.Build.0 = Release|Any CPU
		{128762BC-8884-412F-902B-3723C693701C}.Debug|Any CPU.ActiveCfg = Debug|Any CPU
		{128762BC-8884-412F-902B-3723C693701C}.Debug|Any CPU.Build.0 = Debug|Any CPU
		{128762BC-8884-412F-902B-3723C693701C}.Release|Any CPU.ActiveCfg = Release|Any CPU
		{128762BC-8884-412F-902B-3723C693701C}.Release|Any CPU.Build.0 = Release|Any CPU
		{35FEA84A-8F6D-4C5E-A87A-D13E8421434D}.Debug|Any CPU.ActiveCfg = Debug|Any CPU
		{35FEA84A-8F6D-4C5E-A87A-D13E8421434D}.Debug|Any CPU.Build.0 = Debug|Any CPU
		{35FEA84A-8F6D-4C5E-A87A-D13E8421434D}.Release|Any CPU.ActiveCfg = Release|Any CPU
		{35FEA84A-8F6D-4C5E-A87A-D13E8421434D}.Release|Any CPU.Build.0 = Release|Any CPU
	EndGlobalSection
	GlobalSection(SolutionProperties) = preSolution
		HideSolutionNode = FALSE
	EndGlobalSection
	GlobalSection(ExtensibilityGlobals) = postSolution
		SolutionGuid = {8B995F08-BE22-4C3D-83D3-2545C5698BB8}
	EndGlobalSection
EndGlobal
